
Microsoft Visual Studio Solution File, Format Version 12.00
# Visual Studio Version 16
VisualStudioVersion = 16.0.29503.13
MinimumVisualStudioVersion = 10.0.40219.1
Project("{FAE04EC0-301F-11D3-BF4B-00C04F79EFBC}") = "GroupCourseWork", "GroupCourseWork.csproj", "{14CD4723-C6F4-4DCE-AD60-C5104944DAA8}"
EndProject
Global
	GlobalSection(SolutionConfigurationPlatforms) = preSolution
		Debug|Any CPU = Debug|Any CPU
		Release|Any CPU = Release|Any CPU
	EndGlobalSection
	GlobalSection(ProjectConfigurationPlatforms) = postSolution
		{14CD4723-C6F4-4DCE-AD60-C5104944DAA8}.Debug|Any CPU.ActiveCfg = Debug|Any CPU
		{14CD4723-C6F4-4DCE-AD60-C5104944DAA8}.Debug|Any CPU.Build.0 = Debug|Any CPU
		{14CD4723-C6F4-4DCE-AD60-C5104944DAA8}.Release|Any CPU.ActiveCfg = Release|Any CPU
		{14CD4723-C6F4-4DCE-AD60-C5104944DAA8}.Release|Any CPU.Build.0 = Release|Any CPU
	EndGlobalSection
	GlobalSection(SolutionProperties) = preSolution
		HideSolutionNode = FALSE
	EndGlobalSection
	GlobalSection(ExtensibilityGlobals) = postSolution
		SolutionGuid = {1D93E0C6-F001-45EF-AA11-CAE974E6F99C}
	EndGlobalSection
EndGlobal
